<?xml version="1.0" encoding="utf-8"?>
<Project ToolsVersion="4.0" xmlns="http://schemas.microsoft.com/developer/msbuild/2003">
  <ItemGroup>
    <Filter Include="Source Files">
      <UniqueIdentifier>{4FC737F1-C7A5-4376-A066-2A32D752A2FF}</UniqueIdentifier>
      <Extensions>cpp;c;cc;cxx;c++;cppm;ixx;def;odl;idl;hpj;bat;asm;asmx</Extensions>
    </Filter>
    <Filter Include="Header Files">
      <UniqueIdentifier>{93995380-89BD-4b04-88EB-625FBE52EBFB}</UniqueIdentifier>
      <Extensions>h;hh;hpp;hxx;h++;hm;inl;inc;ipp;xsd</Extensions>
    </Filter>
    <Filter Include="Resource Files">
      <UniqueIdentifier>{67DA6AB6-F800-4c08-8B7A-83BB121AAD01}</UniqueIdentifier>
      <Extensions>rc;ico;cur;bmp;dlg;rc2;rct;bin;rgs;gif;jpg;jpeg;jpe;resx;tiff;tif;png;wav;mfcribbon-ms</Extensions>
    </Filter>
    <Filter Include="Source Files\List">
      <UniqueIdentifier>{278642a7-f43f-472b-9b27-7a571fadec9a}</UniqueIdentifier>
    </Filter>
    <Filter Include="Source Files\Stack">
      <UniqueIdentifier>{9d9a4e99-71b0-41c7-ad6a-ad950862c5ef}</UniqueIdentifier>
    </Filter>
    <Filter Include="Source Files\ConTro">
      <UniqueIdentifier>{e6fe029f-9aff-4230-adef-c5e51ede5b91}</UniqueIdentifier>
    </Filter>
    <Filter Include="Source Files\DSLK">
      <UniqueIdentifier>{8050c997-6cbf-4d7f-aa85-51378e48d6d7}</UniqueIdentifier>
    </Filter>
    <Filter Include="Source Files\Sort">
      <UniqueIdentifier>{a0dc03ab-2fc3-4276-980d-50a25e074aef}</UniqueIdentifier>
    </Filter>
    <Filter Include="Source Files\NganXep">
      <UniqueIdentifier>{f58d9bd5-0127-4923-bee5-d42426200666}</UniqueIdentifier>
    </Filter>
    <Filter Include="Source Files\QuyHoachDong">
      <UniqueIdentifier>{18aee5c5-5df0-4cab-a315-a2feca659a40}</UniqueIdentifier>
    </Filter>
  </ItemGroup>
  <ItemGroup>
    <ClCompile Include="main.cpp">
      <Filter>Source Files</Filter>
    </ClCompile>
    <ClCompile Include="List.cpp">
      <Filter>Source Files\List</Filter>
    </ClCompile>
    <ClCompile Include="List.h">
      <Filter>Source Files\List</Filter>
    </ClCompile>
    <ClCompile Include="Stack.cpp">
      <Filter>Source Files\Stack</Filter>
    </ClCompile>
    <ClCompile Include="ConTro.cpp">
      <Filter>Source Files\ConTro</Filter>
    </ClCompile>
    <ClCompile Include="DSLK.cpp">
      <Filter>Source Files\DSLK</Filter>
    </ClCompile>
    <ClCompile Include="Sort.cpp">
      <Filter>Source Files\Sort</Filter>
    </ClCompile>
    <ClCompile Include="NganXep.cpp">
      <Filter>Source Files\NganXep</Filter>
    </ClCompile>
    <ClCompile Include="QuyHoachDong.cpp">
      <Filter>Source Files\QuyHoachDong</Filter>
    </ClCompile>
  </ItemGroup>
  <ItemGroup>
    <ClInclude Include="Stack.h">
      <Filter>Source Files\Stack</Filter>
    </ClInclude>
    <ClInclude Include="ConTro.h">
      <Filter>Source Files\ConTro</Filter>
    </ClInclude>
    <ClInclude Include="DSLK.h">
      <Filter>Source Files\DSLK</Filter>
    </ClInclude>
    <ClInclude Include="Sort.h">
      <Filter>Source Files\Sort</Filter>
    </ClInclude>
    <ClInclude Include="NganXep.h">
      <Filter>Source Files\NganXep</Filter>
    </ClInclude>
    <ClInclude Include="QuyHoachDong.h">
      <Filter>Source Files\QuyHoachDong</Filter>
    </ClInclude>
  </ItemGroup>
</Project>